lockfileVersion: '9.0'

settings:
  autoInstallPeers: true
  excludeLinksFromLockfile: false

importers:

  .:
    dependencies:
      '@tauri-apps/plugin-dialog':
        specifier: ~2.7.1
        version: 2.7.1

packages:

  '@tauri-apps/api@2.11.0':
    resolution: {integrity: sha512-7CinYODhky9lmO23xHnUFv0Xt43fbtWMyxZcLcRBlFkcgXKuEirBvHpmtJ89YMhyeGcq20Wuc47Fa4XjyniywA==}

  '@tauri-apps/plugin-dialog@2.7.1':
    resolution: {integrity: sha512-OK1UBXYt+ojcmxMktzzuyonYIFta8CmAASpX+CA+DTGK24KlHjhYI6x2iOJ/TjZF4N7/ACK1oFmEOjIY9IhzOQ==}

snapshots:

  '@tauri-apps/api@2.11.0': {}

  '@tauri-apps/plugin-dialog@2.7.1':
    dependencies:
      '@tauri-apps/api': 2.11.0
